
Microsoft Visual Studio Solution File, Format Version 12.00
# Visual Studio 14
VisualStudioVersion = 14.0.25420.1
MinimumVisualStudioVersion = 10.0.40219.1
Project("{2150E333-8FDC-42A3-9474-1A3956D46DE8}") = "Solution Items", "Solution Items", "{4443EC1C-4844-4D11-9777-3343A12CA4C9}"
	ProjectSection(SolutionItems) = preProject
		background.html = background.html
		background.js = background.js
		backgroundScriptsAPIBridge.js = backgroundScriptsAPIBridge.js
		contentScriptsAPIBridge.js = contentScriptsAPIBridge.js
		icon.png = icon.png
		manifest.json = manifest.json
		popup.html = popup.html
		popup.js = popup.js
		readme.txt = readme.txt
	EndProjectSection
EndProject
Global
	GlobalSection(SolutionProperties) = preSolution
		HideSolutionNode = FALSE
	EndGlobalSection
EndGlobal
